// !$*UTF8*$!
{
	archiveVersion = 1;
	classes = {
	};
	objectVersion = 56;
	objects = {

/* Begin PBXBuildFile section */
		4AD584792A8B56CB003E24BA /* articlesAppApp.swift in Sources */ = {isa = PBXBuildFile; fileRef = 4AD584782A8B56CB003E24BA /* articlesAppApp.swift */; };
		4AD5847B2A8B56CB003E24BA /* HomeScreen.swift in Sources */ = {isa = PBXBuildFile; fileRef = 4AD5847A2A8B56CB003E24BA /* HomeScreen.swift */; };
		4AD5847D2A8B56CC003E24BA /* Assets.xcassets in Resources */ = {isa = PBXBuildFile; fileRef = 4AD5847C2A8B56CC003E24BA /* Assets.xcassets */; };
		4AD584802A8B56CC003E24BA /* Preview Assets.xcassets in Resources */ = {isa = PBXBuildFile; fileRef = 4AD5847F2A8B56CC003E24BA /* Preview Assets.xcassets */; };
		4AD584872A8B57BC003E24BA /* ChildView.swift in Sources */ = {isa = PBXBuildFile; fileRef = 4AD584862A8B57BC003E24BA /* ChildView.swift */; };
		4AD584892A8B5D0B003E24BA /* TabScreenView.swift in Sources */ = {isa = PBXBuildFile; fileRef = 4AD584882A8B5D0B003E24BA /* TabScreenView.swift */; };
		4AD5848B2A8B5D92003E24BA /* GoalsScreen.swift in Sources */ = {isa = PBXBuildFile; fileRef = 4AD5848A2A8B5D92003E24BA /* GoalsScreen.swift */; };
		4AD5848D2A8B5D9C003E24BA /* SettingsScreen.swift in Sources */ = {isa = PBXBuildFile; fileRef = 4AD5848C2A8B5D9C003E24BA /* SettingsScreen.swift */; };
		4AD5849B2A8DDB15003E24BA /* SecondChildView.swift in Sources */ = {isa = PBXBuildFile; fileRef = 4AD5849A2A8DDB15003E24BA /* SecondChildView.swift */; };
		4AEFF9A12A8DEB6E00D2D8D9 /* Person.swift in Sources */ = {isa = PBXBuildFile; fileRef = 4AEFF9A02A8DEB6E00D2D8D9 /* Person.swift */; };
/* End PBXBuildFile section */

/* Begin PBXFileReference section */
		4AD584752A8B56CB003E24BA /* articlesApp.app */ = {isa = PBXFileReference; explicitFileType = wrapper.application; includeInIndex = 0; path = articlesApp.app; sourceTree = BUILT_PRODUCTS_DIR; };
		4AD584782A8B56CB003E24BA /* articlesAppApp.swift */ = {isa = PBXFileReference; lastKnownFileType = sourcecode.swift; path = articlesAppApp.swift; sourceTree = "<group>"; };
		4AD5847A2A8B56CB003E24BA /* HomeScreen.swift */ = {isa = PBXFileReference; lastKnownFileType = sourcecode.swift; path = HomeScreen.swift; sourceTree = "<group>"; };
		4AD5847C2A8B56CC003E24BA /* Assets.xcassets */ = {isa = PBXFileReference; lastKnownFileType = folder.assetcatalog; path = Assets.xcassets; sourceTree = "<group>"; };
		4AD5847F2A8B56CC003E24BA /* Preview Assets.xcassets */ = {isa = PBXFileReference; lastKnownFileType = folder.assetcatalog; path = "Preview Assets.xcassets"; sourceTree = "<group>"; };
		4AD584862A8B57BC003E24BA /* ChildView.swift */ = {isa = PBXFileReference; lastKnownFileType = sourcecode.swift; path = ChildView.swift; sourceTree = "<group>"; };
		4AD584882A8B5D0B003E24BA /* TabScreenView.swift */ = {isa = PBXFileReference; lastKnownFileType = sourcecode.swift; path = TabScreenView.swift; sourceTree = "<group>"; };
		4AD5848A2A8B5D92003E24BA /* GoalsScreen.swift */ = {isa = PBXFileReference; lastKnownFileType = sourcecode.swift; path = GoalsScreen.swift; sourceTree = "<group>"; };
		4AD5848C2A8B5D9C003E24BA /* SettingsScreen.swift */ = {isa = PBXFileReference; lastKnownFileType = sourcecode.swift; path = SettingsScreen.swift; sourceTree = "<group>"; };
		4AD5849A2A8DDB15003E24BA /* SecondChildView.swift */ = {isa = PBXFileReference; lastKnownFileType = sourcecode.swift; path = SecondChildView.swift; sourceTree = "<group>"; };
		4AEFF9A02A8DEB6E00D2D8D9 /* Person.swift */ = {isa = PBXFileReference; lastKnownFileType = sourcecode.swift; path = Person.swift; sourceTree = "<group>"; };
/* End PBXFileReference section */

/* Begin PBXFrameworksBuildPhase section */
		4AD584722A8B56CB003E24BA /* Frameworks */ = {
			isa = PBXFrameworksBuildPhase;
			buildActionMask = 2147483647;
			files = (
			);
			runOnlyForDeploymentPostprocessing = 0;
		};
/* End PBXFrameworksBuildPhase section */

/* Begin PBXGroup section */
		4AD5846C2A8B56CB003E24BA = {
			isa = PBXGroup;
			children = (
				4AD584772A8B56CB003E24BA /* articlesApp */,
				4AD584762A8B56CB003E24BA /* Products */,
			);
			sourceTree = "<group>";
		};
		4AD584762A8B56CB003E24BA /* Products */ = {
			isa = PBXGroup;
			children = (
				4AD584752A8B56CB003E24BA /* articlesApp.app */,
			);
			name = Products;
			sourceTree = "<group>";
		};
		4AD584772A8B56CB003E24BA /* articlesApp */ = {
			isa = PBXGroup;
			children = (
				4AD584782A8B56CB003E24BA /* articlesAppApp.swift */,
				4AD5847A2A8B56CB003E24BA /* HomeScreen.swift */,
				4AD584882A8B5D0B003E24BA /* TabScreenView.swift */,
				4AD5847C2A8B56CC003E24BA /* Assets.xcassets */,
				4AD5847E2A8B56CC003E24BA /* Preview Content */,
				4AD584862A8B57BC003E24BA /* ChildView.swift */,
				4AD5848A2A8B5D92003E24BA /* GoalsScreen.swift */,
				4AD5848C2A8B5D9C003E24BA /* SettingsScreen.swift */,
				4AD5849A2A8DDB15003E24BA /* SecondChildView.swift */,
				4AEFF9A02A8DEB6E00D2D8D9 /* Person.swift */,
			);
			path = articlesApp;
			sourceTree = "<group>";
		};
		4AD5847E2A8B56CC003E24BA /* Preview Content */ = {
			isa = PBXGroup;
			children = (
				4AD5847F2A8B56CC003E24BA /* Preview Assets.xcassets */,
			);
			path = "Preview Content";
			sourceTree = "<group>";
		};
/* End PBXGroup section */

/* Begin PBXNativeTarget section */
		4AD584742A8B56CB003E24BA /* articlesApp */ = {
			isa = PBXNativeTarget;
			buildConfigurationList = 4AD584832A8B56CC003E24BA /* Build configuration list for PBXNativeTarget "articlesApp" */;
			buildPhases = (
				4AD584712A8B56CB003E24BA /* Sources */,
				4AD584722A8B56CB003E24BA /* Frameworks */,
				4AD584732A8B56CB003E24BA /* Resources */,
			);
			buildRules = (
			);
			dependencies = (
			);
			name = articlesApp;
			productName = articlesApp;
			productReference = 4AD584752A8B56CB003E24BA /* articlesApp.app */;
			productType = "com.apple.product-type.application";
		};
/* End PBXNativeTarget section */

/* Begin PBXProject section */
		4AD5846D2A8B56CB003E24BA /* Project object */ = {
			isa = PBXProject;
			attributes = {
				BuildIndependentTargetsInParallel = 1;
				LastSwiftUpdateCheck = 1430;
				LastUpgradeCheck = 1430;
				TargetAttributes = {
					4AD584742A8B56CB003E24BA = {
						CreatedOnToolsVersion = 14.3.1;
					};
				};
			};
			buildConfigurationList = 4AD584702A8B56CB003E24BA /* Build configuration list for PBXProject "articlesApp" */;
			compatibilityVersion = "Xcode 14.0";
			developmentRegion = en;
			hasScannedForEncodings = 0;
			knownRegions = (
				en,
				Base,
			);
			mainGroup = 4AD5846C2A8B56CB003E24BA;
			productRefGroup = 4AD584762A8B56CB003E24BA /* Products */;
			projectDirPath = "";
			projectRoot = "";
			targets = (
				4AD584742A8B56CB003E24BA /* articlesApp */,
			);
		};
/* End PBXProject section */

/* Begin PBXResourcesBuildPhase section */
		4AD584732A8B56CB003E24BA /* Resources */ = {
			isa = PBXResourcesBuildPhase;
			buildActionMask = 2147483647;
			files = (
				4AD584802A8B56CC003E24BA /* Preview Assets.xcassets in Resources */,
				4AD5847D2A8B56CC003E24BA /* Assets.xcassets in Resources */,
			);
			runOnlyForDeploymentPostprocessing = 0;
		};
/* End PBXResourcesBuildPhase section */

/* Begin PBXSourcesBuildPhase section */
		4AD584712A8B56CB003E24BA /* Sources */ = {
			isa = PBXSourcesBuildPhase;
			buildActionMask = 2147483647;
			files = (
				4AD5848B2A8B5D92003E24BA /* GoalsScreen.swift in Sources */,
				4AD5849B2A8DDB15003E24BA /* SecondChildView.swift in Sources */,
				4AD584892A8B5D0B003E24BA /* TabScreenView.swift in Sources */,
				4AD5847B2A8B56CB003E24BA /* HomeScreen.swift in Sources */,
				4AD584792A8B56CB003E24BA /* articlesAppApp.swift in Sources */,
				4AD5848D2A8B5D9C003E24BA /* SettingsScreen.swift in Sources */,
				4AEFF9A12A8DEB6E00D2D8D9 /* Person.swift in Sources */,
				4AD584872A8B57BC003E24BA /* ChildView.swift in Sources */,
			);
			runOnlyForDeploymentPostprocessing = 0;
		};
/* End PBXSourcesBuildPhase section */

/* Begin XCBuildConfiguration section */
		4AD584812A8B56CC003E24BA /* Debug */ = {
			isa = XCBuildConfiguration;
			buildSettings = {
				ALWAYS_SEARCH_USER_PATHS = NO;
				CLANG_ANALYZER_NONNULL = YES;
				CLANG_ANALYZER_NUMBER_OBJECT_CONVERSION = YES_AGGRESSIVE;
				CLANG_CXX_LANGUAGE_STANDARD = "gnu++20";
				CLANG_ENABLE_MODULES = YES;
				CLANG_ENABLE_OBJC_ARC = YES;
				CLANG_ENABLE_OBJC_WEAK = YES;
				CLANG_WARN_BLOCK_CAPTURE_AUTORELEASING = YES;
				CLANG_WARN_BOOL_CONVERSION = YES;
				CLANG_WARN_COMMA = YES;
				CLANG_WARN_CONSTANT_CONVERSION = YES;
				CLANG_WARN_DEPRECATED_OBJC_IMPLEMENTATIONS = YES;
				CLANG_WARN_DIRECT_OBJC_ISA_USAGE = YES_ERROR;
				CLANG_WARN_DOCUMENTATION_COMMENTS = YES;
				CLANG_WARN_EMPTY_BODY = YES;
				CLANG_WARN_ENUM_CONVERSION = YES;
				CLANG_WARN_INFINITE_RECURSION = YES;
				CLANG_WARN_INT_CONVERSION = YES;
				CLANG_WARN_NON_LITERAL_NULL_CONVERSION = YES;
				CLANG_WARN_OBJC_IMPLICIT_RETAIN_SELF = YES;
				CLANG_WARN_OBJC_LITERAL_CONVERSION = YES;
				CLANG_WARN_OBJC_ROOT_CLASS = YES_ERROR;
				CLANG_WARN_QUOTED_INCLUDE_IN_FRAMEWORK_HEADER = YES;
				CLANG_WARN_RANGE_LOOP_ANALYSIS = YES;
				CLANG_WARN_STRICT_PROTOTYPES = YES;
				CLANG_WARN_SUSPICIOUS_MOVE = YES;
				CLANG_WARN_UNGUARDED_AVAILABILITY = YES_AGGRESSIVE;
				CLANG_WARN_UNREACHABLE_CODE = YES;
				CLANG_WARN__DUPLICATE_METHOD_MATCH = YES;
				COPY_PHASE_STRIP = NO;
				DEBUG_INFORMATION_FORMAT = dwarf;
				ENABLE_STRICT_OBJC_MSGSEND = YES;
				ENABLE_TESTABILITY = YES;
				GCC_C_LANGUAGE_STANDARD = gnu11;
				GCC_DYNAMIC_NO_PIC = NO;
				GCC_NO_COMMON_BLOCKS = YES;
				GCC_OPTIMIZATION_LEVEL = 0;
				GCC_PREPROCESSOR_DEFINITIONS = (
					"DEBUG=1",
					"$(inherited)",
				);
				GCC_WARN_64_TO_32_BIT_CONVERSION = YES;
				GCC_WARN_ABOUT_RETURN_TYPE = YES_ERROR;
				GCC_WARN_UNDECLARED_SELECTOR = YES;
				GCC_WARN_UNINITIALIZED_AUTOS = YES_AGGRESSIVE;
				GCC_WARN_UNUSED_FUNCTION = YES;
				GCC_WARN_UNUSED_VARIABLE = YES;
				IPHONEOS_DEPLOYMENT_TARGET = 16.4;
				MTL_ENABLE_DEBUG_INFO = INCLUDE_SOURCE;
				MTL_FAST_MATH = YES;
				ONLY_ACTIVE_ARCH = YES;
				SDKROOT = iphoneos;
				SWIFT_ACTIVE_COMPILATION_CONDITIONS = DEBUG;
				SWIFT_OPTIMIZATION_LEVEL = "-Onone";
			};
			name = Debug;
		};
		4AD584822A8B56CC003E24BA /* Release */ = {
			isa = XCBuildConfiguration;
			buildSettings = {
				ALWAYS_SEARCH_USER_PATHS = NO;
				CLANG_ANALYZER_NONNULL = YES;
				CLANG_ANALYZER_NUMBER_OBJECT_CONVERSION = YES_AGGRESSIVE;
				CLANG_CXX_LANGUAGE_STANDARD = "gnu++20";
				CLANG_ENABLE_MODULES = YES;
				CLANG_ENABLE_OBJC_ARC = YES;
				CLANG_ENABLE_OBJC_WEAK = YES;
				CLANG_WARN_BLOCK_CAPTURE_AUTORELEASING = YES;
				CLANG_WARN_BOOL_CONVERSION = YES;
				CLANG_WARN_COMMA = YES;
				CLANG_WARN_CONSTANT_CONVERSION = YES;
				CLANG_WARN_DEPRECATED_OBJC_IMPLEMENTATIONS = YES;
				CLANG_WARN_DIRECT_OBJC_ISA_USAGE = YES_ERROR;
				CLANG_WARN_DOCUMENTATION_COMMENTS = YES;
				CLANG_WARN_EMPTY_BODY = YES;
				CLANG_WARN_ENUM_CONVERSION = YES;
				CLANG_WARN_INFINITE_RECURSION = YES;
				CLANG_WARN_INT_CONVERSION = YES;
				CLANG_WARN_NON_LITERAL_NULL_CONVERSION = YES;
				CLANG_WARN_OBJC_IMPLICIT_RETAIN_SELF = YES;
				CLANG_WARN_OBJC_LITERAL_CONVERSION = YES;
				CLANG_WARN_OBJC_ROOT_CLASS = YES_ERROR;
				CLANG_WARN_QUOTED_INCLUDE_IN_FRAMEWORK_HEADER = YES;
				CLANG_WARN_RANGE_LOOP_ANALYSIS = YES;
				CLANG_WARN_STRICT_PROTOTYPES = YES;
				CLANG_WARN_SUSPICIOUS_MOVE = YES;
				CLANG_WARN_UNGUARDED_AVAILABILITY = YES_AGGRESSIVE;
				CLANG_WARN_UNREACHABLE_CODE = YES;
				CLANG_WARN__DUPLICATE_METHOD_MATCH = YES;
				COPY_PHASE_STRIP = NO;
				DEBUG_INFORMATION_FORMAT = "dwarf-with-dsym";
				ENABLE_NS_ASSERTIONS = NO;
				ENABLE_STRICT_OBJC_MSGSEND = YES;
				GCC_C_LANGUAGE_STANDARD = gnu11;
				GCC_NO_COMMON_BLOCKS = YES;
				GCC_WARN_64_TO_32_BIT_CONVERSION = YES;
				GCC_WARN_ABOUT_RETURN_TYPE = YES_ERROR;
				GCC_WARN_UNDECLARED_SELECTOR = YES;
				GCC_WARN_UNINITIALIZED_AUTOS = YES_AGGRESSIVE;
				GCC_WARN_UNUSED_FUNCTION = YES;
				GCC_WARN_UNUSED_VARIABLE = YES;
				IPHONEOS_DEPLOYMENT_TARGET = 16.4;
				MTL_ENABLE_DEBUG_INFO = NO;
				MTL_FAST_MATH = YES;
				SDKROOT = iphoneos;
				SWIFT_COMPILATION_MODE = wholemodule;
				SWIFT_OPTIMIZATION_LEVEL = "-O";
				VALIDATE_PRODUCT = YES;
			};
			name = Release;
		};
		4AD584842A8B56CC003E24BA /* Debug */ = {
			isa = XCBuildConfiguration;
			buildSettings = {
				ASSETCATALOG_COMPILER_APPICON_NAME = AppIcon;
				ASSETCATALOG_COMPILER_GLOBAL_ACCENT_COLOR_NAME = AccentColor;
				CODE_SIGN_STYLE = Automatic;
				CURRENT_PROJECT_VERSION = 1;
				DEVELOPMENT_ASSET_PATHS = "\"articlesApp/Preview Content\"";
				DEVELOPMENT_TEAM = 3A9B57WGTQ;
				ENABLE_PREVIEWS = YES;
				GENERATE_INFOPLIST_FILE = YES;
				INFOPLIST_KEY_UIApplicationSceneManifest_Generation = YES;
				INFOPLIST_KEY_UIApplicationSupportsIndirectInputEvents = YES;
				INFOPLIST_KEY_UILaunchScreen_Generation = YES;
				INFOPLIST_KEY_UISupportedInterfaceOrientations_iPad = "UIInterfaceOrientationPortrait UIInterfaceOrientationPortraitUpsideDown UIInterfaceOrientationLandscapeLeft UIInterfaceOrientationLandscapeRight";
				INFOPLIST_KEY_UISupportedInterfaceOrientations_iPhone = "UIInterfaceOrientationPortrait UIInterfaceOrientationLandscapeLeft UIInterfaceOrientationLandscapeRight";
				LD_RUNPATH_SEARCH_PATHS = (
					"$(inherited)",
					"@executable_path/Frameworks",
				);
				MARKETING_VERSION = 1.0;
				PRODUCT_BUNDLE_IDENTIFIER = com.mocha.articlesApp;
				PRODUCT_NAME = "$(TARGET_NAME)";
				SWIFT_EMIT_LOC_STRINGS = YES;
				SWIFT_VERSION = 5.0;
				TARGETED_DEVICE_FAMILY = "1,2";
			};
			name = Debug;
		};
		4AD584852A8B56CC003E24BA /* Release */ = {
			isa = XCBuildConfiguration;
			buildSettings = {
				ASSETCATALOG_COMPILER_APPICON_NAME = AppIcon;
				ASSETCATALOG_COMPILER_GLOBAL_ACCENT_COLOR_NAME = AccentColor;
				CODE_SIGN_STYLE = Automatic;
				CURRENT_PROJECT_VERSION = 1;
				DEVELOPMENT_ASSET_PATHS = "\"articlesApp/Preview Content\"";
				DEVELOPMENT_TEAM = 3A9B57WGTQ;
				ENABLE_PREVIEWS = YES;
				GENERATE_INFOPLIST_FILE = YES;
				INFOPLIST_KEY_UIApplicationSceneManifest_Generation = YES;
				INFOPLIST_KEY_UIApplicationSupportsIndirectInputEvents = YES;
				INFOPLIST_KEY_UILaunchScreen_Generation = YES;
				INFOPLIST_KEY_UISupportedInterfaceOrientations_iPad = "UIInterfaceOrientationPortrait UIInterfaceOrientationPortraitUpsideDown UIInterfaceOrientationLandscapeLeft UIInterfaceOrientationLandscapeRight";
				INFOPLIST_KEY_UISupportedInterfaceOrientations_iPhone = "UIInterfaceOrientationPortrait UIInterfaceOrientationLandscapeLeft UIInterfaceOrientationLandscapeRight";
				LD_RUNPATH_SEARCH_PATHS = (
					"$(inherited)",
					"@executable_path/Frameworks",
				);
				MARKETING_VERSION = 1.0;
				PRODUCT_BUNDLE_IDENTIFIER = com.mocha.articlesApp;
				PRODUCT_NAME = "$(TARGET_NAME)";
				SWIFT_EMIT_LOC_STRINGS = YES;
				SWIFT_VERSION = 5.0;
				TARGETED_DEVICE_FAMILY = "1,2";
			};
			name = Release;
		};
/* End XCBuildConfiguration section */

/* Begin XCConfigurationList section */
		4AD584702A8B56CB003E24BA /* Build configuration list for PBXProject "articlesApp" */ = {
			isa = XCConfigurationList;
			buildConfigurations = (
				4AD584812A8B56CC003E24BA /* Debug */,
				4AD584822A8B56CC003E24BA /* Release */,
			);
			defaultConfigurationIsVisible = 0;
			defaultConfigurationName = Release;
		};
		4AD584832A8B56CC003E24BA /* Build configuration list for PBXNativeTarget "articlesApp" */ = {
			isa = XCConfigurationList;
			buildConfigurations = (
				4AD584842A8B56CC003E24BA /* Debug */,
				4AD584852A8B56CC003E24BA /* Release */,
			);
			defaultConfigurationIsVisible = 0;
			defaultConfigurationName = Release;
		};
/* End XCConfigurationList section */
	};
	rootObject = 4AD5846D2A8B56CB003E24BA /* Project object */;
}
